<?xml version="1.0" encoding="utf-8"?>
<Project ToolsVersion="4.0" xmlns="http://schemas.microsoft.com/developer/msbuild/2003">
  <ItemGroup>
    <Filter Include="Source Files">
      <UniqueIdentifier>{4FC737F1-C7A5-4376-A066-2A32D752A2FF}</UniqueIdentifier>
      <Extensions>cpp;c;cc;cxx;def;odl;idl;hpj;bat;asm;asmx</Extensions>
    </Filter>
    <Filter Include="Header Files">
      <UniqueIdentifier>{93995380-89BD-4b04-88EB-625FBE52EBFB}</UniqueIdentifier>
      <Extensions>h;hpp;hxx;hm;inl;inc;xsd</Extensions>
    </Filter>
  </ItemGroup>
  <ItemGroup>
    <ClInclude Include="Stdafx.h">
      <Filter>Header Files</Filter>
    </ClInclude>
    <ClInclude Include="TextDocument.h">
      <Filter>Header Files</Filter>
    </ClInclude>
    <ClInclude Include="TextRange.h">
      <Filter>Header Files</Filter>
    </ClInclude>
    <ClInclude Include="TextSelection.h">
      <Filter>Header Files</Filter>
    </ClInclude>
    <ClInclude Include="TextFont.h">
      <Filter>Header Files</Filter>
    </ClInclude>
    <ClInclude Include="TextPara.h">
      <Filter>Header Files</Filter>
    </ClInclude>
    <ClInclude Include="enums.h">
      <Filter>Header Files</Filter>
    </ClInclude>
    <ClInclude Include="TextStory.h">
      <Filter>Header Files</Filter>
    </ClInclude>
    <ClInclude Include="TextStoryRanges.h">
      <Filter>Header Files</Filter>
    </ClInclude>
    <ClInclude Include="TextStrings.h">
      <Filter>Header Files</Filter>
    </ClInclude>
    <ClInclude Include="PreferredFontInfo.h">
      <Filter>Header Files</Filter>
    </ClInclude>
    <ClInclude Include="DataObject.h">
      <Filter>Header Files</Filter>
    </ClInclude>
    <ClInclude Include="RichTextBoxEx.h">
      <Filter>Header Files</Filter>
    </ClInclude>
    <ClInclude Include="MathProperties.h">
      <Filter>Header Files</Filter>
    </ClInclude>
    <ClInclude Include="DocumentProperties.h">
      <Filter>Header Files</Filter>
    </ClInclude>
    <ClInclude Include="TextRow.h">
      <Filter>Header Files</Filter>
    </ClInclude>
    <ClInclude Include="InlineObjectProperties.h">
      <Filter>Header Files</Filter>
    </ClInclude>
    <ClInclude Include="TextExtensions.h">
      <Filter>Header Files</Filter>
    </ClInclude>
    <ClInclude Include="NamespaceDoc.h">
      <Filter>Header Files</Filter>
    </ClInclude>
  </ItemGroup>
  <ItemGroup>
    <ClCompile Include="AssemblyInfo.cpp">
      <Filter>Source Files</Filter>
    </ClCompile>
    <ClCompile Include="Stdafx.cpp">
      <Filter>Source Files</Filter>
    </ClCompile>
    <ClCompile Include="DataObject.cpp">
      <Filter>Source Files</Filter>
    </ClCompile>
    <ClCompile Include="RichTextBoxEx.cpp">
      <Filter>Source Files</Filter>
    </ClCompile>
    <ClCompile Include="DocumentProperties.cpp">
      <Filter>Source Files</Filter>
    </ClCompile>
    <ClCompile Include="MathProperties.cpp">
      <Filter>Source Files</Filter>
    </ClCompile>
    <ClCompile Include="TextDocument.cpp">
      <Filter>Source Files</Filter>
    </ClCompile>
    <ClCompile Include="NamespaceDoc.cpp">
      <Filter>Source Files</Filter>
    </ClCompile>
    <ClCompile Include="TextExtensions.cpp">
      <Filter>Source Files</Filter>
    </ClCompile>
  </ItemGroup>
  <ItemGroup>
    <None Include="StrongName.snk" />
  </ItemGroup>
</Project>